Microsoft Visual Studio Solution File, Format Version 12.00
# Visual Studio Version 17
VisualStudioVersion = 17.0.31903.59
MinimumVisualStudioVersion = 10.0.40219.1
Project("{9A19103F-16F7-4668-BE54-9A1E7A4F7556}") = "CpdbWin.Core", "CpdbWin.Core\CpdbWin.Core.csproj", "{7C8B2E1A-1D5E-4B23-9F8A-3C6D7E1F2A4B}"
EndProject
Project("{9A19103F-16F7-4668-BE54-9A1E7A4F7556}") = "CpdbWin.Core.Tests", "CpdbWin.Core.Tests\CpdbWin.Core.Tests.csproj", "{B4D9F3C7-2E6A-4F8B-BC1D-5A7E9F2C3D6E}"
EndProject
Project("{FAE04EC0-301F-11D3-BF4B-00C04F79EFBC}") = "CpdbWin.App", "CpdbWin.App\CpdbWin.App.csproj", "{77535853-2CFD-47FA-B454-9E756300303E}"
EndProject
Global
	GlobalSection(SolutionConfigurationPlatforms) = preSolution
		Debug|Any CPU = Debug|Any CPU
		Release|Any CPU = Release|Any CPU
	EndGlobalSection
	GlobalSection(ProjectConfigurationPlatforms) = postSolution
		{7C8B2E1A-1D5E-4B23-9F8A-3C6D7E1F2A4B}.Debug|Any CPU.ActiveCfg = Debug|Any CPU
		{7C8B2E1A-1D5E-4B23-9F8A-3C6D7E1F2A4B}.Debug|Any CPU.Build.0 = Debug|Any CPU
		{7C8B2E1A-1D5E-4B23-9F8A-3C6D7E1F2A4B}.Release|Any CPU.ActiveCfg = Release|Any CPU
		{7C8B2E1A-1D5E-4B23-9F8A-3C6D7E1F2A4B}.Release|Any CPU.Build.0 = Release|Any CPU
		{B4D9F3C7-2E6A-4F8B-BC1D-5A7E9F2C3D6E}.Debug|Any CPU.ActiveCfg = Debug|Any CPU
		{B4D9F3C7-2E6A-4F8B-BC1D-5A7E9F2C3D6E}.Debug|Any CPU.Build.0 = Debug|Any CPU
		{B4D9F3C7-2E6A-4F8B-BC1D-5A7E9F2C3D6E}.Release|Any CPU.ActiveCfg = Release|Any CPU
		{B4D9F3C7-2E6A-4F8B-BC1D-5A7E9F2C3D6E}.Release|Any CPU.Build.0 = Release|Any CPU
		{77535853-2CFD-47FA-B454-9E756300303E}.Debug|Any CPU.ActiveCfg = Debug|Any CPU
		{77535853-2CFD-47FA-B454-9E756300303E}.Debug|Any CPU.Build.0 = Debug|Any CPU
		{77535853-2CFD-47FA-B454-9E756300303E}.Release|Any CPU.ActiveCfg = Release|Any CPU
		{77535853-2CFD-47FA-B454-9E756300303E}.Release|Any CPU.Build.0 = Release|Any CPU
	EndGlobalSection
EndGlobal
